// !$*UTF8*$!
{
	archiveVersion = 1;
	classes = {
	};
	objectVersion = 56;
	objects = {

/* Begin PBXBuildFile section */
		7B3EB20C2AA4D08B0015EC4A /* SecondViewController.swift in Sources */ = {isa = PBXBuildFile; fileRef = 7B3EB20B2AA4D08B0015EC4A /* SecondViewController.swift */; };
		7B42D4D32A9F2DA2007CAAAF /* AppDelegate.swift in Sources */ = {isa = PBXBuildFile; fileRef = 7B42D4D22A9F2DA2007CAAAF /* AppDelegate.swift */; };
		7B42D4D52A9F2DA2007CAAAF /* SceneDelegate.swift in Sources */ = {isa = PBXBuildFile; fileRef = 7B42D4D42A9F2DA2007CAAAF /* SceneDelegate.swift */; };
		7B42D4D72A9F2DA2007CAAAF /* ViewController.swift in Sources */ = {isa = PBXBuildFile; fileRef = 7B42D4D62A9F2DA2007CAAAF /* ViewController.swift */; };
		7B42D4DA2A9F2DA2007CAAAF /* Main.storyboard in Resources */ = {isa = PBXBuildFile; fileRef = 7B42D4D82A9F2DA2007CAAAF /* Main.storyboard */; };
		7B42D4DC2A9F2DA4007CAAAF /* Assets.xcassets in Resources */ = {isa = PBXBuildFile; fileRef = 7B42D4DB2A9F2DA4007CAAAF /* Assets.xcassets */; };
		7B42D4DF2A9F2DA4007CAAAF /* LaunchScreen.storyboard in Resources */ = {isa = PBXBuildFile; fileRef = 7B42D4DD2A9F2DA4007CAAAF /* LaunchScreen.storyboard */; };
		7B42D4E72A9F2EA4007CAAAF /* Model.swift in Sources */ = {isa = PBXBuildFile; fileRef = 7B42D4E62A9F2EA4007CAAAF /* Model.swift */; };
/* End PBXBuildFile section */

/* Begin PBXFileReference section */
		7B3EB20B2AA4D08B0015EC4A /* SecondViewController.swift */ = {isa = PBXFileReference; lastKnownFileType = sourcecode.swift; path = SecondViewController.swift; sourceTree = "<group>"; };
		7B42D4CF2A9F2DA2007CAAAF /* NothingReallyMatters_git.app */ = {isa = PBXFileReference; explicitFileType = wrapper.application; includeInIndex = 0; path = NothingReallyMatters_git.app; sourceTree = BUILT_PRODUCTS_DIR; };
		7B42D4D22A9F2DA2007CAAAF /* AppDelegate.swift */ = {isa = PBXFileReference; lastKnownFileType = sourcecode.swift; path = AppDelegate.swift; sourceTree = "<group>"; };
		7B42D4D42A9F2DA2007CAAAF /* SceneDelegate.swift */ = {isa = PBXFileReference; lastKnownFileType = sourcecode.swift; path = SceneDelegate.swift; sourceTree = "<group>"; };
		7B42D4D62A9F2DA2007CAAAF /* ViewController.swift */ = {isa = PBXFileReference; lastKnownFileType = sourcecode.swift; path = ViewController.swift; sourceTree = "<group>"; };
		7B42D4D92A9F2DA2007CAAAF /* Base */ = {isa = PBXFileReference; lastKnownFileType = file.storyboard; name = Base; path = Base.lproj/Main.storyboard; sourceTree = "<group>"; };
		7B42D4DB2A9F2DA4007CAAAF /* Assets.xcassets */ = {isa = PBXFileReference; lastKnownFileType = folder.assetcatalog; path = Assets.xcassets; sourceTree = "<group>"; };
		7B42D4DE2A9F2DA4007CAAAF /* Base */ = {isa = PBXFileReference; lastKnownFileType = file.storyboard; name = Base; path = Base.lproj/LaunchScreen.storyboard; sourceTree = "<group>"; };
		7B42D4E02A9F2DA4007CAAAF /* Info.plist */ = {isa = PBXFileReference; lastKnownFileType = text.plist.xml; path = Info.plist; sourceTree = "<group>"; };
		7B42D4E62A9F2EA4007CAAAF /* Model.swift */ = {isa = PBXFileReference; lastKnownFileType = sourcecode.swift; path = Model.swift; sourceTree = "<group>"; };
/* End PBXFileReference section */

/* Begin PBXFrameworksBuildPhase section */
		7B42D4CC2A9F2DA2007CAAAF /* Frameworks */ = {
			isa = PBXFrameworksBuildPhase;
			buildActionMask = 2147483647;
			files = (
			);
			runOnlyForDeploymentPostprocessing = 0;
		};
/* End PBXFrameworksBuildPhase section */

/* Begin PBXGroup section */
		7B42D4C62A9F2DA2007CAAAF = {
			isa = PBXGroup;
			children = (
				7B42D4D12A9F2DA2007CAAAF /* NothingReallyMatters_git */,
				7B42D4D02A9F2DA2007CAAAF /* Products */,
			);
			sourceTree = "<group>";
		};
		7B42D4D02A9F2DA2007CAAAF /* Products */ = {
			isa = PBXGroup;
			children = (
				7B42D4CF2A9F2DA2007CAAAF /* NothingReallyMatters_git.app */,
			);
			name = Products;
			sourceTree = "<group>";
		};
		7B42D4D12A9F2DA2007CAAAF /* NothingReallyMatters_git */ = {
			isa = PBXGroup;
			children = (
				7B42D4D22A9F2DA2007CAAAF /* AppDelegate.swift */,
				7B42D4D42A9F2DA2007CAAAF /* SceneDelegate.swift */,
				7B42D4D62A9F2DA2007CAAAF /* ViewController.swift */,
				7B3EB20B2AA4D08B0015EC4A /* SecondViewController.swift */,
				7B42D4E62A9F2EA4007CAAAF /* Model.swift */,
				7B42D4D82A9F2DA2007CAAAF /* Main.storyboard */,
				7B42D4DB2A9F2DA4007CAAAF /* Assets.xcassets */,
				7B42D4DD2A9F2DA4007CAAAF /* LaunchScreen.storyboard */,
				7B42D4E02A9F2DA4007CAAAF /* Info.plist */,
			);
			path = NothingReallyMatters_git;
			sourceTree = "<group>";
		};
/* End PBXGroup section */

/* Begin PBXNativeTarget section */
		7B42D4CE2A9F2DA2007CAAAF /* NothingReallyMatters_git */ = {
			isa = PBXNativeTarget;
			buildConfigurationList = 7B42D4E32A9F2DA4007CAAAF /* Build configuration list for PBXNativeTarget "NothingReallyMatters_git" */;
			buildPhases = (
				7B42D4CB2A9F2DA2007CAAAF /* Sources */,
				7B42D4CC2A9F2DA2007CAAAF /* Frameworks */,
				7B42D4CD2A9F2DA2007CAAAF /* Resources */,
			);
			buildRules = (
			);
			dependencies = (
			);
			name = NothingReallyMatters_git;
			productName = NothingReallyMatters_git;
			productReference = 7B42D4CF2A9F2DA2007CAAAF /* NothingReallyMatters_git.app */;
			productType = "com.apple.product-type.application";
		};
/* End PBXNativeTarget section */

/* Begin PBXProject section */
		7B42D4C72A9F2DA2007CAAAF /* Project object */ = {
			isa = PBXProject;
			attributes = {
				BuildIndependentTargetsInParallel = 1;
				LastSwiftUpdateCheck = 1430;
				LastUpgradeCheck = 1430;
				TargetAttributes = {
					7B42D4CE2A9F2DA2007CAAAF = {
						CreatedOnToolsVersion = 14.3.1;
					};
				};
			};
			buildConfigurationList = 7B42D4CA2A9F2DA2007CAAAF /* Build configuration list for PBXProject "NothingReallyMatters_git" */;
			compatibilityVersion = "Xcode 14.0";
			developmentRegion = en;
			hasScannedForEncodings = 0;
			knownRegions = (
				en,
				Base,
			);
			mainGroup = 7B42D4C62A9F2DA2007CAAAF;
			productRefGroup = 7B42D4D02A9F2DA2007CAAAF /* Products */;
			projectDirPath = "";
			projectRoot = "";
			targets = (
				7B42D4CE2A9F2DA2007CAAAF /* NothingReallyMatters_git */,
			);
		};
/* End PBXProject section */

/* Begin PBXResourcesBuildPhase section */
		7B42D4CD2A9F2DA2007CAAAF /* Resources */ = {
			isa = PBXResourcesBuildPhase;
			buildActionMask = 2147483647;
			files = (
				7B42D4DF2A9F2DA4007CAAAF /* LaunchScreen.storyboard in Resources */,
				7B42D4DC2A9F2DA4007CAAAF /* Assets.xcassets in Resources */,
				7B42D4DA2A9F2DA2007CAAAF /* Main.storyboard in Resources */,
			);
			runOnlyForDeploymentPostprocessing = 0;
		};
/* End PBXResourcesBuildPhase section */

/* Begin PBXSourcesBuildPhase section */
		7B42D4CB2A9F2DA2007CAAAF /* Sources */ = {
			isa = PBXSourcesBuildPhase;
			buildActionMask = 2147483647;
			files = (
				7B42D4D72A9F2DA2007CAAAF /* ViewController.swift in Sources */,
				7B42D4D32A9F2DA2007CAAAF /* AppDelegate.swift in Sources */,
				7B42D4D52A9F2DA2007CAAAF /* SceneDelegate.swift in Sources */,
				7B3EB20C2AA4D08B0015EC4A /* SecondViewController.swift in Sources */,
				7B42D4E72A9F2EA4007CAAAF /* Model.swift in Sources */,
			);
			runOnlyForDeploymentPostprocessing = 0;
		};
/* End PBXSourcesBuildPhase section */

/* Begin PBXVariantGroup section */
		7B42D4D82A9F2DA2007CAAAF /* Main.storyboard */ = {
			isa = PBXVariantGroup;
			children = (
				7B42D4D92A9F2DA2007CAAAF /* Base */,
			);
			name = Main.storyboard;
			sourceTree = "<group>";
		};
		7B42D4DD2A9F2DA4007CAAAF /* LaunchScreen.storyboard */ = {
			isa = PBXVariantGroup;
			children = (
				7B42D4DE2A9F2DA4007CAAAF /* Base */,
			);
			name = LaunchScreen.storyboard;
			sourceTree = "<group>";
		};
/* End PBXVariantGroup section */

/* Begin XCBuildConfiguration section */
		7B42D4E12A9F2DA4007CAAAF /* Debug */ = {
			isa = XCBuildConfiguration;
			buildSettings = {
				ALWAYS_SEARCH_USER_PATHS = NO;
				CLANG_ANALYZER_NONNULL = YES;
				CLANG_ANALYZER_NUMBER_OBJECT_CONVERSION = YES_AGGRESSIVE;
				CLANG_CXX_LANGUAGE_STANDARD = "gnu++20";
				CLANG_ENABLE_MODULES = YES;
				CLANG_ENABLE_OBJC_ARC = YES;
				CLANG_ENABLE_OBJC_WEAK = YES;
				CLANG_WARN_BLOCK_CAPTURE_AUTORELEASING = YES;
				CLANG_WARN_BOOL_CONVERSION = YES;
				CLANG_WARN_COMMA = YES;
				CLANG_WARN_CONSTANT_CONVERSION = YES;
				CLANG_WARN_DEPRECATED_OBJC_IMPLEMENTATIONS = YES;
				CLANG_WARN_DIRECT_OBJC_ISA_USAGE = YES_ERROR;
				CLANG_WARN_DOCUMENTATION_COMMENTS = YES;
				CLANG_WARN_EMPTY_BODY = YES;
				CLANG_WARN_ENUM_CONVERSION = YES;
				CLANG_WARN_INFINITE_RECURSION = YES;
				CLANG_WARN_INT_CONVERSION = YES;
				CLANG_WARN_NON_LITERAL_NULL_CONVERSION = YES;
				CLANG_WARN_OBJC_IMPLICIT_RETAIN_SELF = YES;
				CLANG_WARN_OBJC_LITERAL_CONVERSION = YES;
				CLANG_WARN_OBJC_ROOT_CLASS = YES_ERROR;
				CLANG_WARN_QUOTED_INCLUDE_IN_FRAMEWORK_HEADER = YES;
				CLANG_WARN_RANGE_LOOP_ANALYSIS = YES;
				CLANG_WARN_STRICT_PROTOTYPES = YES;
				CLANG_WARN_SUSPICIOUS_MOVE = YES;
				CLANG_WARN_UNGUARDED_AVAILABILITY = YES_AGGRESSIVE;
				CLANG_WARN_UNREACHABLE_CODE = YES;
				CLANG_WARN__DUPLICATE_METHOD_MATCH = YES;
				COPY_PHASE_STRIP = NO;
				DEBUG_INFORMATION_FORMAT = dwarf;
				ENABLE_STRICT_OBJC_MSGSEND = YES;
				ENABLE_TESTABILITY = YES;
				GCC_C_LANGUAGE_STANDARD = gnu11;
				GCC_DYNAMIC_NO_PIC = NO;
				GCC_NO_COMMON_BLOCKS = YES;
				GCC_OPTIMIZATION_LEVEL = 0;
				GCC_PREPROCESSOR_DEFINITIONS = (
					"DEBUG=1",
					"$(inherited)",
				);
				GCC_WARN_64_TO_32_BIT_CONVERSION = YES;
				GCC_WARN_ABOUT_RETURN_TYPE = YES_ERROR;
				GCC_WARN_UNDECLARED_SELECTOR = YES;
				GCC_WARN_UNINITIALIZED_AUTOS = YES_AGGRESSIVE;
				GCC_WARN_UNUSED_FUNCTION = YES;
				GCC_WARN_UNUSED_VARIABLE = YES;
				IPHONEOS_DEPLOYMENT_TARGET = 16.4;
				MTL_ENABLE_DEBUG_INFO = INCLUDE_SOURCE;
				MTL_FAST_MATH = YES;
				ONLY_ACTIVE_ARCH = YES;
				SDKROOT = iphoneos;
				SWIFT_ACTIVE_COMPILATION_CONDITIONS = DEBUG;
				SWIFT_OPTIMIZATION_LEVEL = "-Onone";
			};
			name = Debug;
		};
		7B42D4E22A9F2DA4007CAAAF /* Release */ = {
			isa = XCBuildConfiguration;
			buildSettings = {
				ALWAYS_SEARCH_USER_PATHS = NO;
				CLANG_ANALYZER_NONNULL = YES;
				CLANG_ANALYZER_NUMBER_OBJECT_CONVERSION = YES_AGGRESSIVE;
				CLANG_CXX_LANGUAGE_STANDARD = "gnu++20";
				CLANG_ENABLE_MODULES = YES;
				CLANG_ENABLE_OBJC_ARC = YES;
				CLANG_ENABLE_OBJC_WEAK = YES;
				CLANG_WARN_BLOCK_CAPTURE_AUTORELEASING = YES;
				CLANG_WARN_BOOL_CONVERSION = YES;
				CLANG_WARN_COMMA = YES;
				CLANG_WARN_CONSTANT_CONVERSION = YES;
				CLANG_WARN_DEPRECATED_OBJC_IMPLEMENTATIONS = YES;
				CLANG_WARN_DIRECT_OBJC_ISA_USAGE = YES_ERROR;
				CLANG_WARN_DOCUMENTATION_COMMENTS = YES;
				CLANG_WARN_EMPTY_BODY = YES;
				CLANG_WARN_ENUM_CONVERSION = YES;
				CLANG_WARN_INFINITE_RECURSION = YES;
				CLANG_WARN_INT_CONVERSION = YES;
				CLANG_WARN_NON_LITERAL_NULL_CONVERSION = YES;
				CLANG_WARN_OBJC_IMPLICIT_RETAIN_SELF = YES;
				CLANG_WARN_OBJC_LITERAL_CONVERSION = YES;
				CLANG_WARN_OBJC_ROOT_CLASS = YES_ERROR;
				CLANG_WARN_QUOTED_INCLUDE_IN_FRAMEWORK_HEADER = YES;
				CLANG_WARN_RANGE_LOOP_ANALYSIS = YES;
				CLANG_WARN_STRICT_PROTOTYPES = YES;
				CLANG_WARN_SUSPICIOUS_MOVE = YES;
				CLANG_WARN_UNGUARDED_AVAILABILITY = YES_AGGRESSIVE;
				CLANG_WARN_UNREACHABLE_CODE = YES;
				CLANG_WARN__DUPLICATE_METHOD_MATCH = YES;
				COPY_PHASE_STRIP = NO;
				DEBUG_INFORMATION_FORMAT = "dwarf-with-dsym";
				ENABLE_NS_ASSERTIONS = NO;
				ENABLE_STRICT_OBJC_MSGSEND = YES;
				GCC_C_LANGUAGE_STANDARD = gnu11;
				GCC_NO_COMMON_BLOCKS = YES;
				GCC_WARN_64_TO_32_BIT_CONVERSION = YES;
				GCC_WARN_ABOUT_RETURN_TYPE = YES_ERROR;
				GCC_WARN_UNDECLARED_SELECTOR = YES;
				GCC_WARN_UNINITIALIZED_AUTOS = YES_AGGRESSIVE;
				GCC_WARN_UNUSED_FUNCTION = YES;
				GCC_WARN_UNUSED_VARIABLE = YES;
				IPHONEOS_DEPLOYMENT_TARGET = 16.4;
				MTL_ENABLE_DEBUG_INFO = NO;
				MTL_FAST_MATH = YES;
				SDKROOT = iphoneos;
				SWIFT_COMPILATION_MODE = wholemodule;
				SWIFT_OPTIMIZATION_LEVEL = "-O";
				VALIDATE_PRODUCT = YES;
			};
			name = Release;
		};
		7B42D4E42A9F2DA4007CAAAF /* Debug */ = {
			isa = XCBuildConfiguration;
			buildSettings = {
				ASSETCATALOG_COMPILER_APPICON_NAME = AppIcon;
				ASSETCATALOG_COMPILER_GLOBAL_ACCENT_COLOR_NAME = AccentColor;
				CODE_SIGN_STYLE = Automatic;
				CURRENT_PROJECT_VERSION = 1;
				DEVELOPMENT_TEAM = JKPT735J88;
				GENERATE_INFOPLIST_FILE = YES;
				INFOPLIST_FILE = NothingReallyMatters_git/Info.plist;
				INFOPLIST_KEY_UIApplicationSupportsIndirectInputEvents = YES;
				INFOPLIST_KEY_UILaunchStoryboardName = LaunchScreen;
				INFOPLIST_KEY_UIMainStoryboardFile = Main;
				INFOPLIST_KEY_UISupportedInterfaceOrientations_iPad = "UIInterfaceOrientationPortrait UIInterfaceOrientationPortraitUpsideDown UIInterfaceOrientationLandscapeLeft UIInterfaceOrientationLandscapeRight";
				INFOPLIST_KEY_UISupportedInterfaceOrientations_iPhone = "UIInterfaceOrientationPortrait UIInterfaceOrientationLandscapeLeft UIInterfaceOrientationLandscapeRight";
				LD_RUNPATH_SEARCH_PATHS = (
					"$(inherited)",
					"@executable_path/Frameworks",
				);
				MARKETING_VERSION = 1.0;
				PRODUCT_BUNDLE_IDENTIFIER = "shturkhal.NothingReallyMatters-git";
				PRODUCT_NAME = "$(TARGET_NAME)";
				SWIFT_EMIT_LOC_STRINGS = YES;
				SWIFT_VERSION = 5.0;
				TARGETED_DEVICE_FAMILY = "1,2";
			};
			name = Debug;
		};
		7B42D4E52A9F2DA4007CAAAF /* Release */ = {
			isa = XCBuildConfiguration;
			buildSettings = {
				ASSETCATALOG_COMPILER_APPICON_NAME = AppIcon;
				ASSETCATALOG_COMPILER_GLOBAL_ACCENT_COLOR_NAME = AccentColor;
				CODE_SIGN_STYLE = Automatic;
				CURRENT_PROJECT_VERSION = 1;
				DEVELOPMENT_TEAM = JKPT735J88;
				GENERATE_INFOPLIST_FILE = YES;
				INFOPLIST_FILE = NothingReallyMatters_git/Info.plist;
				INFOPLIST_KEY_UIApplicationSupportsIndirectInputEvents = YES;
				INFOPLIST_KEY_UILaunchStoryboardName = LaunchScreen;
				INFOPLIST_KEY_UIMainStoryboardFile = Main;
				INFOPLIST_KEY_UISupportedInterfaceOrientations_iPad = "UIInterfaceOrientationPortrait UIInterfaceOrientationPortraitUpsideDown UIInterfaceOrientationLandscapeLeft UIInterfaceOrientationLandscapeRight";
				INFOPLIST_KEY_UISupportedInterfaceOrientations_iPhone = "UIInterfaceOrientationPortrait UIInterfaceOrientationLandscapeLeft UIInterfaceOrientationLandscapeRight";
				LD_RUNPATH_SEARCH_PATHS = (
					"$(inherited)",
					"@executable_path/Frameworks",
				);
				MARKETING_VERSION = 1.0;
				PRODUCT_BUNDLE_IDENTIFIER = "shturkhal.NothingReallyMatters-git";
				PRODUCT_NAME = "$(TARGET_NAME)";
				SWIFT_EMIT_LOC_STRINGS = YES;
				SWIFT_VERSION = 5.0;
				TARGETED_DEVICE_FAMILY = "1,2";
			};
			name = Release;
		};
/* End XCBuildConfiguration section */

/* Begin XCConfigurationList section */
		7B42D4CA2A9F2DA2007CAAAF /* Build configuration list for PBXProject "NothingReallyMatters_git" */ = {
			isa = XCConfigurationList;
			buildConfigurations = (
				7B42D4E12A9F2DA4007CAAAF /* Debug */,
				7B42D4E22A9F2DA4007CAAAF /* Release */,
			);
			defaultConfigurationIsVisible = 0;
			defaultConfigurationName = Release;
		};
		7B42D4E32A9F2DA4007CAAAF /* Build configuration list for PBXNativeTarget "NothingReallyMatters_git" */ = {
			isa = XCConfigurationList;
			buildConfigurations = (
				7B42D4E42A9F2DA4007CAAAF /* Debug */,
				7B42D4E52A9F2DA4007CAAAF /* Release */,
			);
			defaultConfigurationIsVisible = 0;
			defaultConfigurationName = Release;
		};
/* End XCConfigurationList section */
	};
	rootObject = 7B42D4C72A9F2DA2007CAAAF /* Project object */;
}
